// !$*UTF8*$!
{
	archiveVersion = 1;
	classes = {
	};
	objectVersion = 56;
	objects = {

/* Begin PBXBuildFile section */
		DCAD4E4B2CB2869600A8F8A5 /* AppDelegate.swift in Sources */ = {isa = PBXBuildFile; fileRef = DCAD4E4A2CB2869600A8F8A5 /* AppDelegate.swift */; };
		DCAD4E4F2CB2869900A8F8A5 /* Assets.xcassets in Resources */ = {isa = PBXBuildFile; fileRef = DCAD4E4E2CB2869900A8F8A5 /* Assets.xcassets */; };
		DCAD4E522CB2869900A8F8A5 /* Preview Assets.xcassets in Resources */ = {isa = PBXBuildFile; fileRef = DCAD4E512CB2869900A8F8A5 /* Preview Assets.xcassets */; };
		DCAD4E692CB2A3B800A8F8A5 /* Recipe.swift in Sources */ = {isa = PBXBuildFile; fileRef = DCAD4E682CB2A3B800A8F8A5 /* Recipe.swift */; };
		DCAD4E6B2CB2A3D200A8F8A5 /* RecipeListViewModel.swift in Sources */ = {isa = PBXBuildFile; fileRef = DCAD4E6A2CB2A3D200A8F8A5 /* RecipeListViewModel.swift */; };
		DCAD4E6D2CB2A3F700A8F8A5 /* RecipeListView.swift in Sources */ = {isa = PBXBuildFile; fileRef = DCAD4E6C2CB2A3F700A8F8A5 /* RecipeListView.swift */; };
		DCAD4E6F2CB2A41700A8F8A5 /* RecipeDetailView.swift in Sources */ = {isa = PBXBuildFile; fileRef = DCAD4E6E2CB2A41700A8F8A5 /* RecipeDetailView.swift */; };
		DCAD4E712CB2A75F00A8F8A5 /* NetworkManager.swift in Sources */ = {isa = PBXBuildFile; fileRef = DCAD4E702CB2A75F00A8F8A5 /* NetworkManager.swift */; };
		DCAD4E762CB2C34A00A8F8A5 /* AlertItem.swift in Sources */ = {isa = PBXBuildFile; fileRef = DCAD4E752CB2C34A00A8F8A5 /* AlertItem.swift */; };
		DCFBC76E2CB3A38000B4F307 /* RecipeDetailViewModel.swift in Sources */ = {isa = PBXBuildFile; fileRef = DCFBC76D2CB3A38000B4F307 /* RecipeDetailViewModel.swift */; };
		DCFBC7722CB3B0AE00B4F307 /* CustomText.swift in Sources */ = {isa = PBXBuildFile; fileRef = DCFBC7712CB3B0AE00B4F307 /* CustomText.swift */; };
/* End PBXBuildFile section */

/* Begin PBXFileReference section */
		DCAD4E472CB2869600A8F8A5 /* Recipes.app */ = {isa = PBXFileReference; explicitFileType = wrapper.application; includeInIndex = 0; path = Recipes.app; sourceTree = BUILT_PRODUCTS_DIR; };
		DCAD4E4A2CB2869600A8F8A5 /* AppDelegate.swift */ = {isa = PBXFileReference; lastKnownFileType = sourcecode.swift; path = AppDelegate.swift; sourceTree = "<group>"; };
		DCAD4E4E2CB2869900A8F8A5 /* Assets.xcassets */ = {isa = PBXFileReference; lastKnownFileType = folder.assetcatalog; path = Assets.xcassets; sourceTree = "<group>"; };
		DCAD4E512CB2869900A8F8A5 /* Preview Assets.xcassets */ = {isa = PBXFileReference; lastKnownFileType = folder.assetcatalog; path = "Preview Assets.xcassets"; sourceTree = "<group>"; };
		DCAD4E622CB290F400A8F8A5 /* Info.plist */ = {isa = PBXFileReference; lastKnownFileType = text.plist; path = Info.plist; sourceTree = "<group>"; };
		DCAD4E682CB2A3B800A8F8A5 /* Recipe.swift */ = {isa = PBXFileReference; lastKnownFileType = sourcecode.swift; path = Recipe.swift; sourceTree = "<group>"; };
		DCAD4E6A2CB2A3D200A8F8A5 /* RecipeListViewModel.swift */ = {isa = PBXFileReference; lastKnownFileType = sourcecode.swift; path = RecipeListViewModel.swift; sourceTree = "<group>"; };
		DCAD4E6C2CB2A3F700A8F8A5 /* RecipeListView.swift */ = {isa = PBXFileReference; lastKnownFileType = sourcecode.swift; path = RecipeListView.swift; sourceTree = "<group>"; };
		DCAD4E6E2CB2A41700A8F8A5 /* RecipeDetailView.swift */ = {isa = PBXFileReference; lastKnownFileType = sourcecode.swift; path = RecipeDetailView.swift; sourceTree = "<group>"; };
		DCAD4E702CB2A75F00A8F8A5 /* NetworkManager.swift */ = {isa = PBXFileReference; lastKnownFileType = sourcecode.swift; path = NetworkManager.swift; sourceTree = "<group>"; };
		DCAD4E752CB2C34A00A8F8A5 /* AlertItem.swift */ = {isa = PBXFileReference; lastKnownFileType = sourcecode.swift; path = AlertItem.swift; sourceTree = "<group>"; };
		DCFBC76D2CB3A38000B4F307 /* RecipeDetailViewModel.swift */ = {isa = PBXFileReference; lastKnownFileType = sourcecode.swift; path = RecipeDetailViewModel.swift; sourceTree = "<group>"; };
		DCFBC7712CB3B0AE00B4F307 /* CustomText.swift */ = {isa = PBXFileReference; lastKnownFileType = sourcecode.swift; path = CustomText.swift; sourceTree = "<group>"; };
/* End PBXFileReference section */

/* Begin PBXFrameworksBuildPhase section */
		DCAD4E442CB2869600A8F8A5 /* Frameworks */ = {
			isa = PBXFrameworksBuildPhase;
			buildActionMask = 2147483647;
			files = (
			);
			runOnlyForDeploymentPostprocessing = 0;
		};
/* End PBXFrameworksBuildPhase section */

/* Begin PBXGroup section */
		DCAD4E3E2CB2869600A8F8A5 = {
			isa = PBXGroup;
			children = (
				DCAD4E492CB2869600A8F8A5 /* Recipes */,
				DCAD4E482CB2869600A8F8A5 /* Products */,
			);
			sourceTree = "<group>";
		};
		DCAD4E482CB2869600A8F8A5 /* Products */ = {
			isa = PBXGroup;
			children = (
				DCAD4E472CB2869600A8F8A5 /* Recipes.app */,
			);
			name = Products;
			sourceTree = "<group>";
		};
		DCAD4E492CB2869600A8F8A5 /* Recipes */ = {
			isa = PBXGroup;
			children = (
				DCFBC7702CB3A81C00B4F307 /* Network */,
				DCFBC76F2CB3A62D00B4F307 /* Objects */,
				DCFBC76C2CB3A20A00B4F307 /* RecipeDetails */,
				DCFBC76B2CB3A17900B4F307 /* RecipeList */,
				DCAD4E742CB2C33A00A8F8A5 /* CustomViews */,
				DCAD4E622CB290F400A8F8A5 /* Info.plist */,
				DCAD4E4A2CB2869600A8F8A5 /* AppDelegate.swift */,
				DCAD4E4E2CB2869900A8F8A5 /* Assets.xcassets */,
				DCAD4E502CB2869900A8F8A5 /* Preview Content */,
			);
			path = Recipes;
			sourceTree = "<group>";
		};
		DCAD4E502CB2869900A8F8A5 /* Preview Content */ = {
			isa = PBXGroup;
			children = (
				DCAD4E512CB2869900A8F8A5 /* Preview Assets.xcassets */,
			);
			path = "Preview Content";
			sourceTree = "<group>";
		};
		DCAD4E742CB2C33A00A8F8A5 /* CustomViews */ = {
			isa = PBXGroup;
			children = (
				DCFBC7712CB3B0AE00B4F307 /* CustomText.swift */,
			);
			path = CustomViews;
			sourceTree = "<group>";
		};
		DCFBC76B2CB3A17900B4F307 /* RecipeList */ = {
			isa = PBXGroup;
			children = (
				DCAD4E6C2CB2A3F700A8F8A5 /* RecipeListView.swift */,
				DCAD4E6A2CB2A3D200A8F8A5 /* RecipeListViewModel.swift */,
			);
			path = RecipeList;
			sourceTree = "<group>";
		};
		DCFBC76C2CB3A20A00B4F307 /* RecipeDetails */ = {
			isa = PBXGroup;
			children = (
				DCAD4E6E2CB2A41700A8F8A5 /* RecipeDetailView.swift */,
				DCFBC76D2CB3A38000B4F307 /* RecipeDetailViewModel.swift */,
			);
			path = RecipeDetails;
			sourceTree = "<group>";
		};
		DCFBC76F2CB3A62D00B4F307 /* Objects */ = {
			isa = PBXGroup;
			children = (
				DCAD4E752CB2C34A00A8F8A5 /* AlertItem.swift */,
				DCAD4E682CB2A3B800A8F8A5 /* Recipe.swift */,
			);
			path = Objects;
			sourceTree = "<group>";
		};
		DCFBC7702CB3A81C00B4F307 /* Network */ = {
			isa = PBXGroup;
			children = (
				DCAD4E702CB2A75F00A8F8A5 /* NetworkManager.swift */,
			);
			path = Network;
			sourceTree = "<group>";
		};
/* End PBXGroup section */

/* Begin PBXNativeTarget section */
		DCAD4E462CB2869600A8F8A5 /* Recipes */ = {
			isa = PBXNativeTarget;
			buildConfigurationList = DCAD4E552CB2869900A8F8A5 /* Build configuration list for PBXNativeTarget "Recipes" */;
			buildPhases = (
				DCAD4E432CB2869600A8F8A5 /* Sources */,
				DCAD4E442CB2869600A8F8A5 /* Frameworks */,
				DCAD4E452CB2869600A8F8A5 /* Resources */,
			);
			buildRules = (
			);
			dependencies = (
			);
			name = Recipes;
			productName = Recipes;
			productReference = DCAD4E472CB2869600A8F8A5 /* Recipes.app */;
			productType = "com.apple.product-type.application";
		};
/* End PBXNativeTarget section */

/* Begin PBXProject section */
		DCAD4E3F2CB2869600A8F8A5 /* Project object */ = {
			isa = PBXProject;
			attributes = {
				BuildIndependentTargetsInParallel = 1;
				LastSwiftUpdateCheck = 1540;
				LastUpgradeCheck = 1540;
				TargetAttributes = {
					DCAD4E462CB2869600A8F8A5 = {
						CreatedOnToolsVersion = 15.4;
					};
				};
			};
			buildConfigurationList = DCAD4E422CB2869600A8F8A5 /* Build configuration list for PBXProject "Recipes" */;
			compatibilityVersion = "Xcode 14.0";
			developmentRegion = en;
			hasScannedForEncodings = 0;
			knownRegions = (
				en,
				Base,
			);
			mainGroup = DCAD4E3E2CB2869600A8F8A5;
			productRefGroup = DCAD4E482CB2869600A8F8A5 /* Products */;
			projectDirPath = "";
			projectRoot = "";
			targets = (
				DCAD4E462CB2869600A8F8A5 /* Recipes */,
			);
		};
/* End PBXProject section */

/* Begin PBXResourcesBuildPhase section */
		DCAD4E452CB2869600A8F8A5 /* Resources */ = {
			isa = PBXResourcesBuildPhase;
			buildActionMask = 2147483647;
			files = (
				DCAD4E522CB2869900A8F8A5 /* Preview Assets.xcassets in Resources */,
				DCAD4E4F2CB2869900A8F8A5 /* Assets.xcassets in Resources */,
			);
			runOnlyForDeploymentPostprocessing = 0;
		};
/* End PBXResourcesBuildPhase section */

/* Begin PBXSourcesBuildPhase section */
		DCAD4E432CB2869600A8F8A5 /* Sources */ = {
			isa = PBXSourcesBuildPhase;
			buildActionMask = 2147483647;
			files = (
				DCAD4E4B2CB2869600A8F8A5 /* AppDelegate.swift in Sources */,
				DCAD4E762CB2C34A00A8F8A5 /* AlertItem.swift in Sources */,
				DCAD4E712CB2A75F00A8F8A5 /* NetworkManager.swift in Sources */,
				DCAD4E6F2CB2A41700A8F8A5 /* RecipeDetailView.swift in Sources */,
				DCAD4E6B2CB2A3D200A8F8A5 /* RecipeListViewModel.swift in Sources */,
				DCFBC76E2CB3A38000B4F307 /* RecipeDetailViewModel.swift in Sources */,
				DCAD4E6D2CB2A3F700A8F8A5 /* RecipeListView.swift in Sources */,
				DCAD4E692CB2A3B800A8F8A5 /* Recipe.swift in Sources */,
				DCFBC7722CB3B0AE00B4F307 /* CustomText.swift in Sources */,
			);
			runOnlyForDeploymentPostprocessing = 0;
		};
/* End PBXSourcesBuildPhase section */

/* Begin XCBuildConfiguration section */
		DCAD4E532CB2869900A8F8A5 /* Debug */ = {
			isa = XCBuildConfiguration;
			buildSettings = {
				ALWAYS_SEARCH_USER_PATHS = NO;
				ASSETCATALOG_COMPILER_GENERATE_SWIFT_ASSET_SYMBOL_EXTENSIONS = YES;
				CLANG_ANALYZER_NONNULL = YES;
				CLANG_ANALYZER_NUMBER_OBJECT_CONVERSION = YES_AGGRESSIVE;
				CLANG_CXX_LANGUAGE_STANDARD = "gnu++20";
				CLANG_ENABLE_MODULES = YES;
				CLANG_ENABLE_OBJC_ARC = YES;
				CLANG_ENABLE_OBJC_WEAK = YES;
				CLANG_WARN_BLOCK_CAPTURE_AUTORELEASING = YES;
				CLANG_WARN_BOOL_CONVERSION = YES;
				CLANG_WARN_COMMA = YES;
				CLANG_WARN_CONSTANT_CONVERSION = YES;
				CLANG_WARN_DEPRECATED_OBJC_IMPLEMENTATIONS = YES;
				CLANG_WARN_DIRECT_OBJC_ISA_USAGE = YES_ERROR;
				CLANG_WARN_DOCUMENTATION_COMMENTS = YES;
				CLANG_WARN_EMPTY_BODY = YES;
				CLANG_WARN_ENUM_CONVERSION = YES;
				CLANG_WARN_INFINITE_RECURSION = YES;
				CLANG_WARN_INT_CONVERSION = YES;
				CLANG_WARN_NON_LITERAL_NULL_CONVERSION = YES;
				CLANG_WARN_OBJC_IMPLICIT_RETAIN_SELF = YES;
				CLANG_WARN_OBJC_LITERAL_CONVERSION = YES;
				CLANG_WARN_OBJC_ROOT_CLASS = YES_ERROR;
				CLANG_WARN_QUOTED_INCLUDE_IN_FRAMEWORK_HEADER = YES;
				CLANG_WARN_RANGE_LOOP_ANALYSIS = YES;
				CLANG_WARN_STRICT_PROTOTYPES = YES;
				CLANG_WARN_SUSPICIOUS_MOVE = YES;
				CLANG_WARN_UNGUARDED_AVAILABILITY = YES_AGGRESSIVE;
				CLANG_WARN_UNREACHABLE_CODE = YES;
				CLANG_WARN__DUPLICATE_METHOD_MATCH = YES;
				COPY_PHASE_STRIP = NO;
				DEBUG_INFORMATION_FORMAT = dwarf;
				ENABLE_STRICT_OBJC_MSGSEND = YES;
				ENABLE_TESTABILITY = YES;
				ENABLE_USER_SCRIPT_SANDBOXING = YES;
				GCC_C_LANGUAGE_STANDARD = gnu17;
				GCC_DYNAMIC_NO_PIC = NO;
				GCC_NO_COMMON_BLOCKS = YES;
				GCC_OPTIMIZATION_LEVEL = 0;
				GCC_PREPROCESSOR_DEFINITIONS = (
					"DEBUG=1",
					"$(inherited)",
				);
				GCC_WARN_64_TO_32_BIT_CONVERSION = YES;
				GCC_WARN_ABOUT_RETURN_TYPE = YES_ERROR;
				GCC_WARN_UNDECLARED_SELECTOR = YES;
				GCC_WARN_UNINITIALIZED_AUTOS = YES_AGGRESSIVE;
				GCC_WARN_UNUSED_FUNCTION = YES;
				GCC_WARN_UNUSED_VARIABLE = YES;
				IPHONEOS_DEPLOYMENT_TARGET = 17.5;
				LOCALIZATION_PREFERS_STRING_CATALOGS = YES;
				MTL_ENABLE_DEBUG_INFO = INCLUDE_SOURCE;
				MTL_FAST_MATH = YES;
				ONLY_ACTIVE_ARCH = YES;
				SDKROOT = iphoneos;
				SWIFT_ACTIVE_COMPILATION_CONDITIONS = "DEBUG $(inherited)";
				SWIFT_OPTIMIZATION_LEVEL = "-Onone";
			};
			name = Debug;
		};
		DCAD4E542CB2869900A8F8A5 /* Release */ = {
			isa = XCBuildConfiguration;
			buildSettings = {
				ALWAYS_SEARCH_USER_PATHS = NO;
				ASSETCATALOG_COMPILER_GENERATE_SWIFT_ASSET_SYMBOL_EXTENSIONS = YES;
				CLANG_ANALYZER_NONNULL = YES;
				CLANG_ANALYZER_NUMBER_OBJECT_CONVERSION = YES_AGGRESSIVE;
				CLANG_CXX_LANGUAGE_STANDARD = "gnu++20";
				CLANG_ENABLE_MODULES = YES;
				CLANG_ENABLE_OBJC_ARC = YES;
				CLANG_ENABLE_OBJC_WEAK = YES;
				CLANG_WARN_BLOCK_CAPTURE_AUTORELEASING = YES;
				CLANG_WARN_BOOL_CONVERSION = YES;
				CLANG_WARN_COMMA = YES;
				CLANG_WARN_CONSTANT_CONVERSION = YES;
				CLANG_WARN_DEPRECATED_OBJC_IMPLEMENTATIONS = YES;
				CLANG_WARN_DIRECT_OBJC_ISA_USAGE = YES_ERROR;
				CLANG_WARN_DOCUMENTATION_COMMENTS = YES;
				CLANG_WARN_EMPTY_BODY = YES;
				CLANG_WARN_ENUM_CONVERSION = YES;
				CLANG_WARN_INFINITE_RECURSION = YES;
				CLANG_WARN_INT_CONVERSION = YES;
				CLANG_WARN_NON_LITERAL_NULL_CONVERSION = YES;
				CLANG_WARN_OBJC_IMPLICIT_RETAIN_SELF = YES;
				CLANG_WARN_OBJC_LITERAL_CONVERSION = YES;
				CLANG_WARN_OBJC_ROOT_CLASS = YES_ERROR;
				CLANG_WARN_QUOTED_INCLUDE_IN_FRAMEWORK_HEADER = YES;
				CLANG_WARN_RANGE_LOOP_ANALYSIS = YES;
				CLANG_WARN_STRICT_PROTOTYPES = YES;
				CLANG_WARN_SUSPICIOUS_MOVE = YES;
				CLANG_WARN_UNGUARDED_AVAILABILITY = YES_AGGRESSIVE;
				CLANG_WARN_UNREACHABLE_CODE = YES;
				CLANG_WARN__DUPLICATE_METHOD_MATCH = YES;
				COPY_PHASE_STRIP = NO;
				DEBUG_INFORMATION_FORMAT = "dwarf-with-dsym";
				ENABLE_NS_ASSERTIONS = NO;
				ENABLE_STRICT_OBJC_MSGSEND = YES;
				ENABLE_USER_SCRIPT_SANDBOXING = YES;
				GCC_C_LANGUAGE_STANDARD = gnu17;
				GCC_NO_COMMON_BLOCKS = YES;
				GCC_WARN_64_TO_32_BIT_CONVERSION = YES;
				GCC_WARN_ABOUT_RETURN_TYPE = YES_ERROR;
				GCC_WARN_UNDECLARED_SELECTOR = YES;
				GCC_WARN_UNINITIALIZED_AUTOS = YES_AGGRESSIVE;
				GCC_WARN_UNUSED_FUNCTION = YES;
				GCC_WARN_UNUSED_VARIABLE = YES;
				IPHONEOS_DEPLOYMENT_TARGET = 17.5;
				LOCALIZATION_PREFERS_STRING_CATALOGS = YES;
				MTL_ENABLE_DEBUG_INFO = NO;
				MTL_FAST_MATH = YES;
				SDKROOT = iphoneos;
				SWIFT_COMPILATION_MODE = wholemodule;
				VALIDATE_PRODUCT = YES;
			};
			name = Release;
		};
		DCAD4E562CB2869900A8F8A5 /* Debug */ = {
			isa = XCBuildConfiguration;
			buildSettings = {
				ASSETCATALOG_COMPILER_APPICON_NAME = AppIcon;
				ASSETCATALOG_COMPILER_GLOBAL_ACCENT_COLOR_NAME = AccentColor;
				CODE_SIGN_STYLE = Automatic;
				CURRENT_PROJECT_VERSION = 1;
				DEVELOPMENT_ASSET_PATHS = "\"Recipes/Preview Content\"";
				ENABLE_PREVIEWS = YES;
				GENERATE_INFOPLIST_FILE = YES;
				INFOPLIST_FILE = Recipes/Info.plist;
				INFOPLIST_KEY_UIApplicationSceneManifest_Generation = YES;
				INFOPLIST_KEY_UIApplicationSupportsIndirectInputEvents = YES;
				INFOPLIST_KEY_UILaunchScreen_Generation = YES;
				INFOPLIST_KEY_UISupportedInterfaceOrientations_iPad = "UIInterfaceOrientationPortrait UIInterfaceOrientationPortraitUpsideDown UIInterfaceOrientationLandscapeLeft UIInterfaceOrientationLandscapeRight";
				INFOPLIST_KEY_UISupportedInterfaceOrientations_iPhone = "UIInterfaceOrientationPortrait UIInterfaceOrientationLandscapeLeft UIInterfaceOrientationLandscapeRight";
				LD_RUNPATH_SEARCH_PATHS = (
					"$(inherited)",
					"@executable_path/Frameworks",
				);
				MARKETING_VERSION = 1.0;
				PRODUCT_BUNDLE_IDENTIFIER = Michal.Recipes;
				PRODUCT_NAME = "$(TARGET_NAME)";
				SWIFT_EMIT_LOC_STRINGS = YES;
				SWIFT_VERSION = 5.0;
				TARGETED_DEVICE_FAMILY = "1,2";
			};
			name = Debug;
		};
		DCAD4E572CB2869900A8F8A5 /* Release */ = {
			isa = XCBuildConfiguration;
			buildSettings = {
				ASSETCATALOG_COMPILER_APPICON_NAME = AppIcon;
				ASSETCATALOG_COMPILER_GLOBAL_ACCENT_COLOR_NAME = AccentColor;
				CODE_SIGN_STYLE = Automatic;
				CURRENT_PROJECT_VERSION = 1;
				DEVELOPMENT_ASSET_PATHS = "\"Recipes/Preview Content\"";
				ENABLE_PREVIEWS = YES;
				GENERATE_INFOPLIST_FILE = YES;
				INFOPLIST_FILE = Recipes/Info.plist;
				INFOPLIST_KEY_UIApplicationSceneManifest_Generation = YES;
				INFOPLIST_KEY_UIApplicationSupportsIndirectInputEvents = YES;
				INFOPLIST_KEY_UILaunchScreen_Generation = YES;
				INFOPLIST_KEY_UISupportedInterfaceOrientations_iPad = "UIInterfaceOrientationPortrait UIInterfaceOrientationPortraitUpsideDown UIInterfaceOrientationLandscapeLeft UIInterfaceOrientationLandscapeRight";
				INFOPLIST_KEY_UISupportedInterfaceOrientations_iPhone = "UIInterfaceOrientationPortrait UIInterfaceOrientationLandscapeLeft UIInterfaceOrientationLandscapeRight";
				LD_RUNPATH_SEARCH_PATHS = (
					"$(inherited)",
					"@executable_path/Frameworks",
				);
				MARKETING_VERSION = 1.0;
				PRODUCT_BUNDLE_IDENTIFIER = Michal.Recipes;
				PRODUCT_NAME = "$(TARGET_NAME)";
				SWIFT_EMIT_LOC_STRINGS = YES;
				SWIFT_VERSION = 5.0;
				TARGETED_DEVICE_FAMILY = "1,2";
			};
			name = Release;
		};
/* End XCBuildConfiguration section */

/* Begin XCConfigurationList section */
		DCAD4E422CB2869600A8F8A5 /* Build configuration list for PBXProject "Recipes" */ = {
			isa = XCConfigurationList;
			buildConfigurations = (
				DCAD4E532CB2869900A8F8A5 /* Debug */,
				DCAD4E542CB2869900A8F8A5 /* Release */,
			);
			defaultConfigurationIsVisible = 0;
			defaultConfigurationName = Release;
		};
		DCAD4E552CB2869900A8F8A5 /* Build configuration list for PBXNativeTarget "Recipes" */ = {
			isa = XCConfigurationList;
			buildConfigurations = (
				DCAD4E562CB2869900A8F8A5 /* Debug */,
				DCAD4E572CB2869900A8F8A5 /* Release */,
			);
			defaultConfigurationIsVisible = 0;
			defaultConfigurationName = Release;
		};
/* End XCConfigurationList section */
	};
	rootObject = DCAD4E3F2CB2869600A8F8A5 /* Project object */;
}
